
Microsoft Visual Studio Solution File, Format Version 12.00
# Visual Studio 15
VisualStudioVersion = 15.0.28307.705
MinimumVisualStudioVersion = 10.0.40219.1
Project("{FAE04EC0-301F-11D3-BF4B-00C04F79EFBC}") = "JQ", "JQ\JQ.csproj", "{AEE000B4-B9AE-4F6F-A318-AB17BC7E1E58}"
EndProject
Project("{8BC9CEB8-8B4A-11D0-8D11-00A0C91BC942}") = "jqai", "jqai\jqai.vcxproj", "{D9A95033-737B-498A-980E-27BD84AC8B63}"
EndProject
Project("{FAE04EC0-301F-11D3-BF4B-00C04F79EFBC}") = "test", "test\test.csproj", "{E500924F-CD32-4790-A6FC-07BC8E03B839}"
EndProject
Global
	GlobalSection(SolutionConfigurationPlatforms) = preSolution
		Debug|Any CPU = Debug|Any CPU
		Debug|x64 = Debug|x64
		Debug|x86 = Debug|x86
		Release|Any CPU = Release|Any CPU
		Release|x64 = Release|x64
		Release|x86 = Release|x86
	EndGlobalSection
	GlobalSection(ProjectConfigurationPlatforms) = postSolution
		{AEE000B4-B9AE-4F6F-A318-AB17BC7E1E58}.Debug|Any CPU.ActiveCfg = Debug|Any CPU
		{AEE000B4-B9AE-4F6F-A318-AB17BC7E1E58}.Debug|Any CPU.Build.0 = Debug|Any CPU
		{AEE000B4-B9AE-4F6F-A318-AB17BC7E1E58}.Debug|x64.ActiveCfg = Debug|x64
		{AEE000B4-B9AE-4F6F-A318-AB17BC7E1E58}.Debug|x64.Build.0 = Debug|x64
		{AEE000B4-B9AE-4F6F-A318-AB17BC7E1E58}.Debug|x86.ActiveCfg = Debug|Any CPU
		{AEE000B4-B9AE-4F6F-A318-AB17BC7E1E58}.Debug|x86.Build.0 = Debug|Any CPU
		{AEE000B4-B9AE-4F6F-A318-AB17BC7E1E58}.Release|Any CPU.ActiveCfg = Release|Any CPU
		{AEE000B4-B9AE-4F6F-A318-AB17BC7E1E58}.Release|Any CPU.Build.0 = Release|Any CPU
		{AEE000B4-B9AE-4F6F-A318-AB17BC7E1E58}.Release|x64.ActiveCfg = Release|x64
		{AEE000B4-B9AE-4F6F-A318-AB17BC7E1E58}.Release|x64.Build.0 = Release|x64
		{AEE000B4-B9AE-4F6F-A318-AB17BC7E1E58}.Release|x86.ActiveCfg = Release|Any CPU
		{AEE000B4-B9AE-4F6F-A318-AB17BC7E1E58}.Release|x86.Build.0 = Release|Any CPU
		{D9A95033-737B-498A-980E-27BD84AC8B63}.Debug|Any CPU.ActiveCfg = Debug|x64
		{D9A95033-737B-498A-980E-27BD84AC8B63}.Debug|x64.ActiveCfg = Debug|x64
		{D9A95033-737B-498A-980E-27BD84AC8B63}.Debug|x64.Build.0 = Debug|x64
		{D9A95033-737B-498A-980E-27BD84AC8B63}.Debug|x86.ActiveCfg = Debug|Win32
		{D9A95033-737B-498A-980E-27BD84AC8B63}.Debug|x86.Build.0 = Debug|Win32
		{D9A95033-737B-498A-980E-27BD84AC8B63}.Release|Any CPU.ActiveCfg = Release|Win32
		{D9A95033-737B-498A-980E-27BD84AC8B63}.Release|x64.ActiveCfg = Release|x64
		{D9A95033-737B-498A-980E-27BD84AC8B63}.Release|x64.Build.0 = Release|x64
		{D9A95033-737B-498A-980E-27BD84AC8B63}.Release|x86.ActiveCfg = Release|Win32
		{D9A95033-737B-498A-980E-27BD84AC8B63}.Release|x86.Build.0 = Release|Win32
		{E500924F-CD32-4790-A6FC-07BC8E03B839}.Debug|Any CPU.ActiveCfg = Debug|Any CPU
		{E500924F-CD32-4790-A6FC-07BC8E03B839}.Debug|Any CPU.Build.0 = Debug|Any CPU
		{E500924F-CD32-4790-A6FC-07BC8E03B839}.Debug|x64.ActiveCfg = Debug|x64
		{E500924F-CD32-4790-A6FC-07BC8E03B839}.Debug|x64.Build.0 = Debug|x64
		{E500924F-CD32-4790-A6FC-07BC8E03B839}.Debug|x86.ActiveCfg = Debug|Any CPU
		{E500924F-CD32-4790-A6FC-07BC8E03B839}.Debug|x86.Build.0 = Debug|Any CPU
		{E500924F-CD32-4790-A6FC-07BC8E03B839}.Release|Any CPU.ActiveCfg = Release|Any CPU
		{E500924F-CD32-4790-A6FC-07BC8E03B839}.Release|Any CPU.Build.0 = Release|Any CPU
		{E500924F-CD32-4790-A6FC-07BC8E03B839}.Release|x64.ActiveCfg = Release|x64
		{E500924F-CD32-4790-A6FC-07BC8E03B839}.Release|x64.Build.0 = Release|x64
		{E500924F-CD32-4790-A6FC-07BC8E03B839}.Release|x86.ActiveCfg = Release|Any CPU
		{E500924F-CD32-4790-A6FC-07BC8E03B839}.Release|x86.Build.0 = Release|Any CPU
	EndGlobalSection
	GlobalSection(SolutionProperties) = preSolution
		HideSolutionNode = FALSE
	EndGlobalSection
	GlobalSection(ExtensibilityGlobals) = postSolution
		SolutionGuid = {E9786A54-4503-409D-BA43-4B81CFAA9B87}
	EndGlobalSection
EndGlobal
